// !$*UTF8*$!
{
	archiveVersion = 1;
	classes = {
	};
	objectVersion = 46;
	objects = {

/* Begin PBXBuildFile section */
		8A23808419F94F640025EFB1 /* main.m in Sources */ = {isa = PBXBuildFile; fileRef = 8A23808319F94F640025EFB1 /* main.m */; };
		8A23808719F94F640025EFB1 /* AppDelegate.m in Sources */ = {isa = PBXBuildFile; fileRef = 8A23808619F94F640025EFB1 /* AppDelegate.m */; };
		8A23808A19F94F640025EFB1 /* ViewController.m in Sources */ = {isa = PBXBuildFile; fileRef = 8A23808919F94F640025EFB1 /* ViewController.m */; };
		8A23808D19F94F640025EFB1 /* Main.storyboard in Resources */ = {isa = PBXBuildFile; fileRef = 8A23808B19F94F640025EFB1 /* Main.storyboard */; };
		8A23808F19F94F640025EFB1 /* Images.xcassets in Resources */ = {isa = PBXBuildFile; fileRef = 8A23808E19F94F640025EFB1 /* Images.xcassets */; };
		8A23809219F94F640025EFB1 /* LaunchScreen.xib in Resources */ = {isa = PBXBuildFile; fileRef = 8A23809019F94F640025EFB1 /* LaunchScreen.xib */; };
		8A23809E19F94F640025EFB1 /* testProjectTests.m in Sources */ = {isa = PBXBuildFile; fileRef = 8A23809D19F94F640025EFB1 /* testProjectTests.m */; };
/* End PBXBuildFile section */

/* Begin PBXContainerItemProxy section */
		8A23809819F94F640025EFB1 /* PBXContainerItemProxy */ = {
			isa = PBXContainerItemProxy;
			containerPortal = 8A23807619F94F630025EFB1 /* Project object */;
			proxyType = 1;
			remoteGlobalIDString = 8A23807D19F94F630025EFB1;
			remoteInfo = testProject;
		};
/* End PBXContainerItemProxy section */

/* Begin PBXFileReference section */
		8A23807E19F94F640025EFB1 /* testProject.app */ = {isa = PBXFileReference; explicitFileType = wrapper.application; includeInIndex = 0; path = testProject.app; sourceTree = BUILT_PRODUCTS_DIR; };
		8A23808219F94F640025EFB1 /* Info.plist */ = {isa = PBXFileReference; lastKnownFileType = text.plist.xml; path = Info.plist; sourceTree = "<group>"; };
		8A23808319F94F640025EFB1 /* main.m */ = {isa = PBXFileReference; lastKnownFileType = sourcecode.c.objc; path = main.m; sourceTree = "<group>"; };
		8A23808519F94F640025EFB1 /* AppDelegate.h */ = {isa = PBXFileReference; lastKnownFileType = sourcecode.c.h; path = AppDelegate.h; sourceTree = "<group>"; };
		8A23808619F94F640025EFB1 /* AppDelegate.m */ = {isa = PBXFileReference; lastKnownFileType = sourcecode.c.objc; path = AppDelegate.m; sourceTree = "<group>"; };
		8A23808819F94F640025EFB1 /* ViewController.h */ = {isa = PBXFileReference; lastKnownFileType = sourcecode.c.h; path = ViewController.h; sourceTree = "<group>"; };
		8A23808919F94F640025EFB1 /* ViewController.m */ = {isa = PBXFileReference; lastKnownFileType = sourcecode.c.objc; path = ViewController.m; sourceTree = "<group>"; };
		8A23808C19F94F640025EFB1 /* Base */ = {isa = PBXFileReference; lastKnownFileType = file.storyboard; name = Base; path = Base.lproj/Main.storyboard; sourceTree = "<group>"; };
		8A23808E19F94F640025EFB1 /* Images.xcassets */ = {isa = PBXFileReference; lastKnownFileType = folder.assetcatalog; path = Images.xcassets; sourceTree = "<group>"; };
		8A23809119F94F640025EFB1 /* Base */ = {isa = PBXFileReference; lastKnownFileType = file.xib; name = Base; path = Base.lproj/LaunchScreen.xib; sourceTree = "<group>"; };
		8A23809719F94F640025EFB1 /* testProjectTests.xctest */ = {isa = PBXFileReference; explicitFileType = wrapper.cfbundle; includeInIndex = 0; path = testProjectTests.xctest; sourceTree = BUILT_PRODUCTS_DIR; };
		8A23809C19F94F640025EFB1 /* Info.plist */ = {isa = PBXFileReference; lastKnownFileType = text.plist.xml; path = Info.plist; sourceTree = "<group>"; };
		8A23809D19F94F640025EFB1 /* testProjectTests.m */ = {isa = PBXFileReference; lastKnownFileType = sourcecode.c.objc; path = testProjectTests.m; sourceTree = "<group>"; };
/* End PBXFileReference section */

/* Begin PBXFrameworksBuildPhase section */
		8A23807B19F94F630025EFB1 /* Frameworks */ = {
			isa = PBXFrameworksBuildPhase;
			buildActionMask = 2147483647;
			files = (
			);
			runOnlyForDeploymentPostprocessing = 0;
		};
		8A23809419F94F640025EFB1 /* Frameworks */ = {
			isa = PBXFrameworksBuildPhase;
			buildActionMask = 2147483647;
			files = (
			);
			runOnlyForDeploymentPostprocessing = 0;
		};
/* End PBXFrameworksBuildPhase section */

/* Begin PBXGroup section */
		8A23807519F94F630025EFB1 = {
			isa = PBXGroup;
			children = (
				8A23808019F94F640025EFB1 /* testProject */,
				8A23809A19F94F640025EFB1 /* testProjectTests */,
				8A23807F19F94F640025EFB1 /* Products */,
			);
			sourceTree = "<group>";
		};
		8A23807F19F94F640025EFB1 /* Products */ = {
			isa = PBXGroup;
			children = (
				8A23807E19F94F640025EFB1 /* testProject.app */,
				8A23809719F94F640025EFB1 /* testProjectTests.xctest */,
			);
			name = Products;
			sourceTree = "<group>";
		};
		8A23808019F94F640025EFB1 /* testProject */ = {
			isa = PBXGroup;
			children = (
				8A23808519F94F640025EFB1 /* AppDelegate.h */,
				8A23808619F94F640025EFB1 /* AppDelegate.m */,
				8A23808819F94F640025EFB1 /* ViewController.h */,
				8A23808919F94F640025EFB1 /* ViewController.m */,
				8A23808B19F94F640025EFB1 /* Main.storyboard */,
				8A23808E19F94F640025EFB1 /* Images.xcassets */,
				8A23809019F94F640025EFB1 /* LaunchScreen.xib */,
				8A23808119F94F640025EFB1 /* Supporting Files */,
			);
			path = testProject;
			sourceTree = "<group>";
		};
		8A23808119F94F640025EFB1 /* Supporting Files */ = {
			isa = PBXGroup;
			children = (
				8A23808219F94F640025EFB1 /* Info.plist */,
				8A23808319F94F640025EFB1 /* main.m */,
			);
			name = "Supporting Files";
			sourceTree = "<group>";
		};
		8A23809A19F94F640025EFB1 /* testProjectTests */ = {
			isa = PBXGroup;
			children = (
				8A23809D19F94F640025EFB1 /* testProjectTests.m */,
				8A23809B19F94F640025EFB1 /* Supporting Files */,
			);
			path = testProjectTests;
			sourceTree = "<group>";
		};
		8A23809B19F94F640025EFB1 /* Supporting Files */ = {
			isa = PBXGroup;
			children = (
				8A23809C19F94F640025EFB1 /* Info.plist */,
			);
			name = "Supporting Files";
			sourceTree = "<group>";
		};
/* End PBXGroup section */

/* Begin PBXNativeTarget section */
		8A23807D19F94F630025EFB1 /* testProject */ = {
			isa = PBXNativeTarget;
			buildConfigurationList = 8A2380A119F94F640025EFB1 /* Build configuration list for PBXNativeTarget "testProject" */;
			buildPhases = (
				8A23807A19F94F630025EFB1 /* Sources */,
				8A23807B19F94F630025EFB1 /* Frameworks */,
				8A23807C19F94F630025EFB1 /* Resources */,
			);
			buildRules = (
			);
			dependencies = (
			);
			name = testProject;
			productName = testProject;
			productReference = 8A23807E19F94F640025EFB1 /* testProject.app */;
			productType = "com.apple.product-type.application";
		};
		8A23809619F94F640025EFB1 /* testProjectTests */ = {
			isa = PBXNativeTarget;
			buildConfigurationList = 8A2380A419F94F640025EFB1 /* Build configuration list for PBXNativeTarget "testProjectTests" */;
			buildPhases = (
				8A23809319F94F640025EFB1 /* Sources */,
				8A23809419F94F640025EFB1 /* Frameworks */,
				8A23809519F94F640025EFB1 /* Resources */,
			);
			buildRules = (
			);
			dependencies = (
				8A23809919F94F640025EFB1 /* PBXTargetDependency */,
			);
			name = testProjectTests;
			productName = testProjectTests;
			productReference = 8A23809719F94F640025EFB1 /* testProjectTests.xctest */;
			productType = "com.apple.product-type.bundle.unit-test";
		};
/* End PBXNativeTarget section */

/* Begin PBXProject section */
		8A23807619F94F630025EFB1 /* Project object */ = {
			isa = PBXProject;
			attributes = {
				LastUpgradeCheck = 0600;
				TargetAttributes = {
					8A23807D19F94F630025EFB1 = {
						CreatedOnToolsVersion = 6.0.1;
					};
					8A23809619F94F640025EFB1 = {
						CreatedOnToolsVersion = 6.0.1;
						TestTargetID = 8A23807D19F94F630025EFB1;
					};
				};
			};
			buildConfigurationList = 8A23807919F94F630025EFB1 /* Build configuration list for PBXProject "testProject" */;
			compatibilityVersion = "Xcode 3.2";
			developmentRegion = English;
			hasScannedForEncodings = 0;
			knownRegions = (
				en,
				Base,
			);
			mainGroup = 8A23807519F94F630025EFB1;
			productRefGroup = 8A23807F19F94F640025EFB1 /* Products */;
			projectDirPath = "";
			projectRoot = "";
			targets = (
				8A23807D19F94F630025EFB1 /* testProject */,
				8A23809619F94F640025EFB1 /* testProjectTests */,
			);
		};
/* End PBXProject section */

/* Begin PBXResourcesBuildPhase section */
		8A23807C19F94F630025EFB1 /* Resources */ = {
			isa = PBXResourcesBuildPhase;
			buildActionMask = 2147483647;
			files = (
				8A23808D19F94F640025EFB1 /* Main.storyboard in Resources */,
				8A23809219F94F640025EFB1 /* LaunchScreen.xib in Resources */,
				8A23808F19F94F640025EFB1 /* Images.xcassets in Resources */,
			);
			runOnlyForDeploymentPostprocessing = 0;
		};
		8A23809519F94F640025EFB1 /* Resources */ = {
			isa = PBXResourcesBuildPhase;
			buildActionMask = 2147483647;
			files = (
			);
			runOnlyForDeploymentPostprocessing = 0;
		};
/* End PBXResourcesBuildPhase section */

/* Begin PBXSourcesBuildPhase section */
		8A23807A19F94F630025EFB1 /* Sources */ = {
			isa = PBXSourcesBuildPhase;
			buildActionMask = 2147483647;
			files = (
				8A23808A19F94F640025EFB1 /* ViewController.m in Sources */,
				8A23808719F94F640025EFB1 /* AppDelegate.m in Sources */,
				8A23808419F94F640025EFB1 /* main.m in Sources */,
			);
			runOnlyForDeploymentPostprocessing = 0;
		};
		8A23809319F94F640025EFB1 /* Sources */ = {
			isa = PBXSourcesBuildPhase;
			buildActionMask = 2147483647;
			files = (
				8A23809E19F94F640025EFB1 /* testProjectTests.m in Sources */,
			);
			runOnlyForDeploymentPostprocessing = 0;
		};
/* End PBXSourcesBuildPhase section */

/* Begin PBXTargetDependency section */
		8A23809919F94F640025EFB1 /* PBXTargetDependency */ = {
			isa = PBXTargetDependency;
			target = 8A23807D19F94F630025EFB1 /* testProject */;
			targetProxy = 8A23809819F94F640025EFB1 /* PBXContainerItemProxy */;
		};
/* End PBXTargetDependency section */

/* Begin PBXVariantGroup section */
		8A23808B19F94F640025EFB1 /* Main.storyboard */ = {
			isa = PBXVariantGroup;
			children = (
				8A23808C19F94F640025EFB1 /* Base */,
			);
			name = Main.storyboard;
			sourceTree = "<group>";
		};
		8A23809019F94F640025EFB1 /* LaunchScreen.xib */ = {
			isa = PBXVariantGroup;
			children = (
				8A23809119F94F640025EFB1 /* Base */,
			);
			name = LaunchScreen.xib;
			sourceTree = "<group>";
		};
/* End PBXVariantGroup section */

/* Begin XCBuildConfiguration section */
		8A23809F19F94F640025EFB1 /* Debug */ = {
			isa = XCBuildConfiguration;
			buildSettings = {
				ALWAYS_SEARCH_USER_PATHS = NO;
				CLANG_CXX_LANGUAGE_STANDARD = "gnu++0x";
				CLANG_CXX_LIBRARY = "libc++";
				CLANG_ENABLE_MODULES = YES;
				CLANG_ENABLE_OBJC_ARC = YES;
				CLANG_WARN_BOOL_CONVERSION = YES;
				CLANG_WARN_CONSTANT_CONVERSION = YES;
				CLANG_WARN_DIRECT_OBJC_ISA_USAGE = YES_ERROR;
				CLANG_WARN_EMPTY_BODY = YES;
				CLANG_WARN_ENUM_CONVERSION = YES;
				CLANG_WARN_INT_CONVERSION = YES;
				CLANG_WARN_OBJC_ROOT_CLASS = YES_ERROR;
				CLANG_WARN_UNREACHABLE_CODE = YES;
				CLANG_WARN__DUPLICATE_METHOD_MATCH = YES;
				"CODE_SIGN_IDENTITY[sdk=iphoneos*]" = "iPhone Developer";
				COPY_PHASE_STRIP = NO;
				ENABLE_STRICT_OBJC_MSGSEND = YES;
				GCC_C_LANGUAGE_STANDARD = gnu99;
				GCC_DYNAMIC_NO_PIC = NO;
				GCC_OPTIMIZATION_LEVEL = 0;
				GCC_PREPROCESSOR_DEFINITIONS = (
					"DEBUG=1",
					"$(inherited)",
				);
				GCC_SYMBOLS_PRIVATE_EXTERN = NO;
				GCC_WARN_64_TO_32_BIT_CONVERSION = YES;
				GCC_WARN_ABOUT_RETURN_TYPE = YES_ERROR;
				GCC_WARN_UNDECLARED_SELECTOR = YES;
				GCC_WARN_UNINITIALIZED_AUTOS = YES_AGGRESSIVE;
				GCC_WARN_UNUSED_FUNCTION = YES;
				GCC_WARN_UNUSED_VARIABLE = YES;
				IPHONEOS_DEPLOYMENT_TARGET = 8.0;
				MTL_ENABLE_DEBUG_INFO = YES;
				ONLY_ACTIVE_ARCH = YES;
				SDKROOT = iphoneos;
				TARGETED_DEVICE_FAMILY = "1,2";
			};
			name = Debug;
		};
		8A2380A019F94F640025EFB1 /* Release */ = {
			isa = XCBuildConfiguration;
			buildSettings = {
				ALWAYS_SEARCH_USER_PATHS = NO;
				CLANG_CXX_LANGUAGE_STANDARD = "gnu++0x";
				CLANG_CXX_LIBRARY = "libc++";
				CLANG_ENABLE_MODULES = YES;
				CLANG_ENABLE_OBJC_ARC = YES;
				CLANG_WARN_BOOL_CONVERSION = YES;
				CLANG_WARN_CONSTANT_CONVERSION = YES;
				CLANG_WARN_DIRECT_OBJC_ISA_USAGE = YES_ERROR;
				CLANG_WARN_EMPTY_BODY = YES;
				CLANG_WARN_ENUM_CONVERSION = YES;
				CLANG_WARN_INT_CONVERSION = YES;
				CLANG_WARN_OBJC_ROOT_CLASS = YES_ERROR;
				CLANG_WARN_UNREACHABLE_CODE = YES;
				CLANG_WARN__DUPLICATE_METHOD_MATCH = YES;
				"CODE_SIGN_IDENTITY[sdk=iphoneos*]" = "iPhone Developer";
				COPY_PHASE_STRIP = YES;
				ENABLE_NS_ASSERTIONS = NO;
				ENABLE_STRICT_OBJC_MSGSEND = YES;
				GCC_C_LANGUAGE_STANDARD = gnu99;
				GCC_WARN_64_TO_32_BIT_CONVERSION = YES;
				GCC_WARN_ABOUT_RETURN_TYPE = YES_ERROR;
				GCC_WARN_UNDECLARED_SELECTOR = YES;
				GCC_WARN_UNINITIALIZED_AUTOS = YES_AGGRESSIVE;
				GCC_WARN_UNUSED_FUNCTION = YES;
				GCC_WARN_UNUSED_VARIABLE = YES;
				IPHONEOS_DEPLOYMENT_TARGET = 8.0;
				MTL_ENABLE_DEBUG_INFO = NO;
				SDKROOT = iphoneos;
				TARGETED_DEVICE_FAMILY = "1,2";
				VALIDATE_PRODUCT = YES;
			};
			name = Release;
		};
		8A2380A219F94F640025EFB1 /* Debug */ = {
			isa = XCBuildConfiguration;
			buildSettings = {
				ASSETCATALOG_COMPILER_APPICON_NAME = AppIcon;
				INFOPLIST_FILE = testProject/Info.plist;
				PRODUCT_NAME = "$(TARGET_NAME)";
			};
			name = Debug;
		};
		8A2380A319F94F640025EFB1 /* Release */ = {
			isa = XCBuildConfiguration;
			buildSettings = {
				ASSETCATALOG_COMPILER_APPICON_NAME = AppIcon;
				INFOPLIST_FILE = testProject/Info.plist;
				LD_RUNPATH_SEARCH_PATHS = "$(inherited) @executable_path/Frameworks";
				PRODUCT_NAME = "$(TARGET_NAME)";
			};
			name = Release;
		};
		8A2380A519F94F640025EFB1 /* Debug */ = {
			isa = XCBuildConfiguration;
			buildSettings = {
				BUNDLE_LOADER = "$(TEST_HOST)";
				FRAMEWORK_SEARCH_PATHS = (
					"$(SDKROOT)/Developer/Library/Frameworks",
					"$(inherited)",
				);
				GCC_PREPROCESSOR_DEFINITIONS = (
					"DEBUG=1",
					"$(inherited)",
				);
				INFOPLIST_FILE = testProjectTests/Info.plist;
				LD_RUNPATH_SEARCH_PATHS = "$(inherited) @executable_path/Frameworks @loader_path/Frameworks";
				PRODUCT_NAME = "$(TARGET_NAME)";
				TEST_HOST = "$(BUILT_PRODUCTS_DIR)/testProject.app/testProject";
			};
			name = Debug;
		};
		8A2380A619F94F640025EFB1 /* Release */ = {
			isa = XCBuildConfiguration;
			buildSettings = {
				BUNDLE_LOADER = "$(TEST_HOST)";
				FRAMEWORK_SEARCH_PATHS = (
					"$(SDKROOT)/Developer/Library/Frameworks",
					"$(inherited)",
				);
				INFOPLIST_FILE = testProjectTests/Info.plist;
				LD_RUNPATH_SEARCH_PATHS = "$(inherited) @executable_path/Frameworks @loader_path/Frameworks";
				PRODUCT_NAME = "$(TARGET_NAME)";
				TEST_HOST = "$(BUILT_PRODUCTS_DIR)/testProject.app/testProject";
			};
			name = Release;
		};
/* End XCBuildConfiguration section */

/* Begin XCConfigurationList section */
		8A23807919F94F630025EFB1 /* Build configuration list for PBXProject "testProject" */ = {
			isa = XCConfigurationList;
			buildConfigurations = (
				8A23809F19F94F640025EFB1 /* Debug */,
				8A2380A019F94F640025EFB1 /* Release */,
			);
			defaultConfigurationIsVisible = 0;
			defaultConfigurationName = Release;
		};
		8A2380A119F94F640025EFB1 /* Build configuration list for PBXNativeTarget "testProject" */ = {
			isa = XCConfigurationList;
			buildConfigurations = (
				8A2380A219F94F640025EFB1 /* Debug */,
				8A2380A319F94F640025EFB1 /* Release */,
			);
			defaultConfigurationIsVisible = 0;
		};
		8A2380A419F94F640025EFB1 /* Build configuration list for PBXNativeTarget "testProjectTests" */ = {
			isa = XCConfigurationList;
			buildConfigurations = (
				8A2380A519F94F640025EFB1 /* Debug */,
				8A2380A619F94F640025EFB1 /* Release */,
			);
			defaultConfigurationIsVisible = 0;
		};
/* End XCConfigurationList section */

	};
	rootObject = 8A23807619F94F630025EFB1 /* Project object */;
}
